
Microsoft Visual Studio Solution File, Format Version 12.00
# Visual Studio 14
VisualStudioVersion = 14.0.25420.1
MinimumVisualStudioVersion = 10.0.40219.1
Project("{FAE04EC0-301F-11D3-BF4B-00C04F79EFBC}") = "Hotel.Atr.Web", "Hotel.Atr.Web\Hotel.Atr.Web.csproj", "{D5D1A085-A034-4A10-BB47-02EC7BF6FAFA}"
EndProject
Project("{FAE04EC0-301F-11D3-BF4B-00C04F79EFBC}") = "Hotel.Atr.Web.Tests", "Hotel.Atr.Web.Tests\Hotel.Atr.Web.Tests.csproj", "{C021C884-FF65-4ED7-B739-A9CDFDBB5781}"
EndProject
Project("{FAE04EC0-301F-11D3-BF4B-00C04F79EFBC}") = "Hotel.Atr.Admin", "Hotel.Atr.Admin\Hotel.Atr.Admin.csproj", "{FFDA808C-D74D-4CD4-85E3-4B6E20C5413C}"
EndProject
Project("{FAE04EC0-301F-11D3-BF4B-00C04F79EFBC}") = "HotelAtr.DAL", "HotelAtr.DAL\HotelAtr.DAL.csproj", "{A3E6165D-F730-497B-9B91-00DF37B98A7C}"
EndProject
Global
	GlobalSection(SolutionConfigurationPlatforms) = preSolution
		Debug|Any CPU = Debug|Any CPU
		Release|Any CPU = Release|Any CPU
	EndGlobalSection
	GlobalSection(ProjectConfigurationPlatforms) = postSolution
		{D5D1A085-A034-4A10-BB47-02EC7BF6FAFA}.Debug|Any CPU.ActiveCfg = Debug|Any CPU
		{D5D1A085-A034-4A10-BB47-02EC7BF6FAFA}.Debug|Any CPU.Build.0 = Debug|Any CPU
		{D5D1A085-A034-4A10-BB47-02EC7BF6FAFA}.Release|Any CPU.ActiveCfg = Release|Any CPU
		{D5D1A085-A034-4A10-BB47-02EC7BF6FAFA}.Release|Any CPU.Build.0 = Release|Any CPU
		{C021C884-FF65-4ED7-B739-A9CDFDBB5781}.Debug|Any CPU.ActiveCfg = Debug|Any CPU
		{C021C884-FF65-4ED7-B739-A9CDFDBB5781}.Debug|Any CPU.Build.0 = Debug|Any CPU
		{C021C884-FF65-4ED7-B739-A9CDFDBB5781}.Release|Any CPU.ActiveCfg = Release|Any CPU
		{C021C884-FF65-4ED7-B739-A9CDFDBB5781}.Release|Any CPU.Build.0 = Release|Any CPU
		{FFDA808C-D74D-4CD4-85E3-4B6E20C5413C}.Debug|Any CPU.ActiveCfg = Debug|Any CPU
		{FFDA808C-D74D-4CD4-85E3-4B6E20C5413C}.Debug|Any CPU.Build.0 = Debug|Any CPU
		{FFDA808C-D74D-4CD4-85E3-4B6E20C5413C}.Release|Any CPU.ActiveCfg = Release|Any CPU
		{FFDA808C-D74D-4CD4-85E3-4B6E20C5413C}.Release|Any CPU.Build.0 = Release|Any CPU
		{A3E6165D-F730-497B-9B91-00DF37B98A7C}.Debug|Any CPU.ActiveCfg = Debug|Any CPU
		{A3E6165D-F730-497B-9B91-00DF37B98A7C}.Debug|Any CPU.Build.0 = Debug|Any CPU
		{A3E6165D-F730-497B-9B91-00DF37B98A7C}.Release|Any CPU.ActiveCfg = Release|Any CPU
		{A3E6165D-F730-497B-9B91-00DF37B98A7C}.Release|Any CPU.Build.0 = Release|Any CPU
	EndGlobalSection
	GlobalSection(SolutionProperties) = preSolution
		HideSolutionNode = FALSE
	EndGlobalSection
EndGlobal
